Microsoft Visual Studio Solution File, Format Version 12.00
# Visual Studio 2012
Project("{FAE04EC0-301F-11D3-BF4B-00C04F79EFBC}") = "FBFInventory.Domain", "FBFInventory.Domain\FBFInventory.Domain.csproj", "{8326AB16-4724-4295-9827-042C229BE635}"
EndProject
Project("{FAE04EC0-301F-11D3-BF4B-00C04F79EFBC}") = "FBFInventory.Winforms", "FBFInventory.Winforms\FBFInventory.Winforms.csproj", "{00FA4880-88FC-4BD9-BF95-F1E7981A402A}"
EndProject
Project("{FAE04EC0-301F-11D3-BF4B-00C04F79EFBC}") = "FBFInventory.Infrastructure", "FBFInventory.Infrastructure\FBFInventory.Infrastructure.csproj", "{83F18E3F-A145-4D62-AD18-E8B6FB07E75E}"
EndProject
Project("{FAE04EC0-301F-11D3-BF4B-00C04F79EFBC}") = "FBFInventory.DB", "FBFInventory.DB\FBFInventory.DB.csproj", "{8810C8BA-A93B-49FE-A842-E091E5608266}"
EndProject
Project("{FAE04EC0-301F-11D3-BF4B-00C04F79EFBC}") = "FBFInventory.WebApp", "FBFInventory.WebApp\FBFInventory.WebApp.csproj", "{4A7E00CD-7998-47BE-9D28-9B37962FD917}"
EndProject
Global
	GlobalSection(SolutionConfigurationPlatforms) = preSolution
		Debug|Any CPU = Debug|Any CPU
		Release|Any CPU = Release|Any CPU
	EndGlobalSection
	GlobalSection(ProjectConfigurationPlatforms) = postSolution
		{8326AB16-4724-4295-9827-042C229BE635}.Debug|Any CPU.ActiveCfg = Debug|Any CPU
		{8326AB16-4724-4295-9827-042C229BE635}.Debug|Any CPU.Build.0 = Debug|Any CPU
		{8326AB16-4724-4295-9827-042C229BE635}.Release|Any CPU.ActiveCfg = Release|Any CPU
		{8326AB16-4724-4295-9827-042C229BE635}.Release|Any CPU.Build.0 = Release|Any CPU
		{00FA4880-88FC-4BD9-BF95-F1E7981A402A}.Debug|Any CPU.ActiveCfg = Debug|Any CPU
		{00FA4880-88FC-4BD9-BF95-F1E7981A402A}.Debug|Any CPU.Build.0 = Debug|Any CPU
		{00FA4880-88FC-4BD9-BF95-F1E7981A402A}.Release|Any CPU.ActiveCfg = Release|Any CPU
		{00FA4880-88FC-4BD9-BF95-F1E7981A402A}.Release|Any CPU.Build.0 = Release|Any CPU
		{83F18E3F-A145-4D62-AD18-E8B6FB07E75E}.Debug|Any CPU.ActiveCfg = Debug|Any CPU
		{83F18E3F-A145-4D62-AD18-E8B6FB07E75E}.Debug|Any CPU.Build.0 = Debug|Any CPU
		{83F18E3F-A145-4D62-AD18-E8B6FB07E75E}.Release|Any CPU.ActiveCfg = Release|Any CPU
		{83F18E3F-A145-4D62-AD18-E8B6FB07E75E}.Release|Any CPU.Build.0 = Release|Any CPU
		{8810C8BA-A93B-49FE-A842-E091E5608266}.Debug|Any CPU.ActiveCfg = Debug|Any CPU
		{8810C8BA-A93B-49FE-A842-E091E5608266}.Debug|Any CPU.Build.0 = Debug|Any CPU
		{8810C8BA-A93B-49FE-A842-E091E5608266}.Release|Any CPU.ActiveCfg = Release|Any CPU
		{8810C8BA-A93B-49FE-A842-E091E5608266}.Release|Any CPU.Build.0 = Release|Any CPU
		{4A7E00CD-7998-47BE-9D28-9B37962FD917}.Debug|Any CPU.ActiveCfg = Debug|Any CPU
		{4A7E00CD-7998-47BE-9D28-9B37962FD917}.Debug|Any CPU.Build.0 = Debug|Any CPU
		{4A7E00CD-7998-47BE-9D28-9B37962FD917}.Release|Any CPU.ActiveCfg = Release|Any CPU
		{4A7E00CD-7998-47BE-9D28-9B37962FD917}.Release|Any CPU.Build.0 = Release|Any CPU
	EndGlobalSection
	GlobalSection(SolutionProperties) = preSolution
		HideSolutionNode = FALSE
	EndGlobalSection
EndGlobal
